
Microsoft Visual Studio Solution File, Format Version 12.00
# Visual Studio Version 17
VisualStudioVersion = 17.5.33414.496
MinimumVisualStudioVersion = 10.0.40219.1
Project("{FAE04EC0-301F-11D3-BF4B-00C04F79EFBC}") = "Practica 3_ASA_Criticografo.Android", "Practica 3_ASA_Criticografo.Android\Practica 3_ASA_Criticografo.Android.csproj", "{BC5CDBAE-D2A7-4D55-BEAB-1F5660E7349E}"
EndProject
Project("{FAE04EC0-301F-11D3-BF4B-00C04F79EFBC}") = "Practica 3_ASA_Criticografo.iOS", "Practica 3_ASA_Criticografo.iOS\Practica 3_ASA_Criticografo.iOS.csproj", "{A5C360F7-27EE-4ADC-8617-43CEA804FF66}"
EndProject
Project("{FAE04EC0-301F-11D3-BF4B-00C04F79EFBC}") = "Practica 3_ASA_Criticografo", "Practica 3_ASA_Criticografo\Practica 3_ASA_Criticografo.csproj", "{E668C170-E20D-4645-BF37-5E4B71461B8E}"
EndProject
Global
	GlobalSection(SolutionConfigurationPlatforms) = preSolution
		Debug|Any CPU = Debug|Any CPU
		Debug|iPhone = Debug|iPhone
		Debug|iPhoneSimulator = Debug|iPhoneSimulator
		Release|Any CPU = Release|Any CPU
		Release|iPhone = Release|iPhone
		Release|iPhoneSimulator = Release|iPhoneSimulator
	EndGlobalSection
	GlobalSection(ProjectConfigurationPlatforms) = postSolution
		{BC5CDBAE-D2A7-4D55-BEAB-1F5660E7349E}.Debug|Any CPU.ActiveCfg = Debug|Any CPU
		{BC5CDBAE-D2A7-4D55-BEAB-1F5660E7349E}.Debug|Any CPU.Build.0 = Debug|Any CPU
		{BC5CDBAE-D2A7-4D55-BEAB-1F5660E7349E}.Debug|Any CPU.Deploy.0 = Debug|Any CPU
		{BC5CDBAE-D2A7-4D55-BEAB-1F5660E7349E}.Debug|iPhone.ActiveCfg = Debug|Any CPU
		{BC5CDBAE-D2A7-4D55-BEAB-1F5660E7349E}.Debug|iPhone.Build.0 = Debug|Any CPU
		{BC5CDBAE-D2A7-4D55-BEAB-1F5660E7349E}.Debug|iPhone.Deploy.0 = Debug|Any CPU
		{BC5CDBAE-D2A7-4D55-BEAB-1F5660E7349E}.Debug|iPhoneSimulator.ActiveCfg = Debug|Any CPU
		{BC5CDBAE-D2A7-4D55-BEAB-1F5660E7349E}.Debug|iPhoneSimulator.Build.0 = Debug|Any CPU
		{BC5CDBAE-D2A7-4D55-BEAB-1F5660E7349E}.Debug|iPhoneSimulator.Deploy.0 = Debug|Any CPU
		{BC5CDBAE-D2A7-4D55-BEAB-1F5660E7349E}.Release|Any CPU.ActiveCfg = Release|Any CPU
		{BC5CDBAE-D2A7-4D55-BEAB-1F5660E7349E}.Release|Any CPU.Build.0 = Release|Any CPU
		{BC5CDBAE-D2A7-4D55-BEAB-1F5660E7349E}.Release|Any CPU.Deploy.0 = Release|Any CPU
		{BC5CDBAE-D2A7-4D55-BEAB-1F5660E7349E}.Release|iPhone.ActiveCfg = Release|Any CPU
		{BC5CDBAE-D2A7-4D55-BEAB-1F5660E7349E}.Release|iPhone.Build.0 = Release|Any CPU
		{BC5CDBAE-D2A7-4D55-BEAB-1F5660E7349E}.Release|iPhone.Deploy.0 = Release|Any CPU
		{BC5CDBAE-D2A7-4D55-BEAB-1F5660E7349E}.Release|iPhoneSimulator.ActiveCfg = Release|Any CPU
		{BC5CDBAE-D2A7-4D55-BEAB-1F5660E7349E}.Release|iPhoneSimulator.Build.0 = Release|Any CPU
		{BC5CDBAE-D2A7-4D55-BEAB-1F5660E7349E}.Release|iPhoneSimulator.Deploy.0 = Release|Any CPU
		{A5C360F7-27EE-4ADC-8617-43CEA804FF66}.Debug|Any CPU.ActiveCfg = Debug|iPhone
		{A5C360F7-27EE-4ADC-8617-43CEA804FF66}.Debug|Any CPU.Build.0 = Debug|iPhone
		{A5C360F7-27EE-4ADC-8617-43CEA804FF66}.Debug|Any CPU.Deploy.0 = Debug|iPhone
		{A5C360F7-27EE-4ADC-8617-43CEA804FF66}.Debug|iPhone.ActiveCfg = Debug|iPhone
		{A5C360F7-27EE-4ADC-8617-43CEA804FF66}.Debug|iPhone.Build.0 = Debug|iPhone
		{A5C360F7-27EE-4ADC-8617-43CEA804FF66}.Debug|iPhone.Deploy.0 = Debug|iPhone
		{A5C360F7-27EE-4ADC-8617-43CEA804FF66}.Debug|iPhoneSimulator.ActiveCfg = Debug|iPhoneSimulator
		{A5C360F7-27EE-4ADC-8617-43CEA804FF66}.Debug|iPhoneSimulator.Build.0 = Debug|iPhoneSimulator
		{A5C360F7-27EE-4ADC-8617-43CEA804FF66}.Debug|iPhoneSimulator.Deploy.0 = Debug|iPhoneSimulator
		{A5C360F7-27EE-4ADC-8617-43CEA804FF66}.Release|Any CPU.ActiveCfg = Release|iPhoneSimulator
		{A5C360F7-27EE-4ADC-8617-43CEA804FF66}.Release|Any CPU.Build.0 = Release|iPhoneSimulator
		{A5C360F7-27EE-4ADC-8617-43CEA804FF66}.Release|Any CPU.Deploy.0 = Release|iPhoneSimulator
		{A5C360F7-27EE-4ADC-8617-43CEA804FF66}.Release|iPhone.ActiveCfg = Release|iPhone
		{A5C360F7-27EE-4ADC-8617-43CEA804FF66}.Release|iPhone.Build.0 = Release|iPhone
		{A5C360F7-27EE-4ADC-8617-43CEA804FF66}.Release|iPhone.Deploy.0 = Release|iPhone
		{A5C360F7-27EE-4ADC-8617-43CEA804FF66}.Release|iPhoneSimulator.ActiveCfg = Release|iPhoneSimulator
		{A5C360F7-27EE-4ADC-8617-43CEA804FF66}.Release|iPhoneSimulator.Build.0 = Release|iPhoneSimulator
		{A5C360F7-27EE-4ADC-8617-43CEA804FF66}.Release|iPhoneSimulator.Deploy.0 = Release|iPhoneSimulator
		{E668C170-E20D-4645-BF37-5E4B71461B8E}.Debug|Any CPU.ActiveCfg = Debug|Any CPU
		{E668C170-E20D-4645-BF37-5E4B71461B8E}.Debug|Any CPU.Build.0 = Debug|Any CPU
		{E668C170-E20D-4645-BF37-5E4B71461B8E}.Debug|Any CPU.Deploy.0 = Debug|Any CPU
		{E668C170-E20D-4645-BF37-5E4B71461B8E}.Debug|iPhone.ActiveCfg = Debug|Any CPU
		{E668C170-E20D-4645-BF37-5E4B71461B8E}.Debug|iPhone.Build.0 = Debug|Any CPU
		{E668C170-E20D-4645-BF37-5E4B71461B8E}.Debug|iPhone.Deploy.0 = Debug|Any CPU
		{E668C170-E20D-4645-BF37-5E4B71461B8E}.Debug|iPhoneSimulator.ActiveCfg = Debug|Any CPU
		{E668C170-E20D-4645-BF37-5E4B71461B8E}.Debug|iPhoneSimulator.Build.0 = Debug|Any CPU
		{E668C170-E20D-4645-BF37-5E4B71461B8E}.Debug|iPhoneSimulator.Deploy.0 = Debug|Any CPU
		{E668C170-E20D-4645-BF37-5E4B71461B8E}.Release|Any CPU.ActiveCfg = Release|Any CPU
		{E668C170-E20D-4645-BF37-5E4B71461B8E}.Release|Any CPU.Build.0 = Release|Any CPU
		{E668C170-E20D-4645-BF37-5E4B71461B8E}.Release|Any CPU.Deploy.0 = Release|Any CPU
		{E668C170-E20D-4645-BF37-5E4B71461B8E}.Release|iPhone.ActiveCfg = Release|Any CPU
		{E668C170-E20D-4645-BF37-5E4B71461B8E}.Release|iPhone.Build.0 = Release|Any CPU
		{E668C170-E20D-4645-BF37-5E4B71461B8E}.Release|iPhone.Deploy.0 = Release|Any CPU
		{E668C170-E20D-4645-BF37-5E4B71461B8E}.Release|iPhoneSimulator.ActiveCfg = Release|Any CPU
		{E668C170-E20D-4645-BF37-5E4B71461B8E}.Release|iPhoneSimulator.Build.0 = Release|Any CPU
		{E668C170-E20D-4645-BF37-5E4B71461B8E}.Release|iPhoneSimulator.Deploy.0 = Release|Any CPU
	EndGlobalSection
	GlobalSection(SolutionProperties) = preSolution
		HideSolutionNode = FALSE
	EndGlobalSection
	GlobalSection(ExtensibilityGlobals) = postSolution
		SolutionGuid = {32C00D11-033A-47BF-B8D2-A3081DBA8C17}
	EndGlobalSection
EndGlobal
